<?xml version="1.0" encoding="UTF-8" standalone="yes" ?>
<CodeBlocks_project_file>
	<FileVersion major="1" minor="6" />
	<Project>
		<Option title="dataCollectApp" />
		<Option pch_mode="2" />
		<Option compiler="gcc" />
		<Build>
			<Target title="Debug">
				<Option output="bin/Debug/dataCollectApp" prefix_auto="1" extension_auto="1" />
				<Option object_output="obj/Debug/" />
				<Option type="1" />
				<Option compiler="gcc" />
				<Compiler>
					<Add option="-g" />
				</Compiler>
			</Target>
			<Target title="Release">
				<Option output="bin/Release/dataCollectApp" prefix_auto="1" extension_auto="1" />
				<Option object_output="obj/Release/" />
				<Option type="1" />
				<Option compiler="gcc" />
				<Compiler>
					<Add option="-O2" />
				</Compiler>
				<Linker>
					<Add option="-s" />
				</Linker>
			</Target>
		</Build>
		<Compiler>
			<Add option="-Wall" />
			<Add option="-g" />
			<Add option="-std=c++11" />
			<Add directory="pthread" />
			<Add directory="/usr/include/gstreamer-1.0" />
			<Add directory="/usr/include/glib-2.0" />
			<Add directory="/usr/lib/arm-linux-gnueabihf/glib-2.0/include" />
			<Add directory="./FlyCapture" />
			<Add directory="imu" />
			<Add directory="vnImu/include" />
			<Add directory="utilities" />
			<Add directory="/usr/local/cuda/include" />
		</Compiler>
		<Linker>
			<Add library="gstapp-1.0" />
			<Add library="gstbase-1.0" />
			<Add library="gstreamer-1.0" />
			<Add library="gobject-2.0" />
			<Add library="glib-2.0" />
			<Add library="flycapture" />
			<Add library="boost_program_options" />
			<Add library="pthread" />
			<Add library="cudart" />
			<Add directory="/usr/local/cuda-6.5/lib" />
			<Add directory="/usr/local/cuda-6.5/lib/stubs" />
		</Linker>
		<Unit filename="gst-app-sink.cpp" />
		<Unit filename="gst-app-sink.h" />
		<Unit filename="utilities/flaUtilities.cpp" />
		<Unit filename="utilities/flaUtilities.h" />
		<Extensions>
			<code_completion />
			<debugger />
		</Extensions>
	</Project>
</CodeBlocks_project_file>
